
Microsoft Visual Studio Solution File, Format Version 12.00
# Visual Studio Version 17
VisualStudioVersion = 17.7.34031.279
MinimumVisualStudioVersion = 10.0.40219.1
Project("{FAE04EC0-301F-11D3-BF4B-00C04F79EFBC}") = "CSClient", "CSClient.csproj", "{0FE687FA-137E-4774-972B-1C7DD0003D66}"
EndProject
Global
	GlobalSection(SolutionConfigurationPlatforms) = preSolution
		Debug|Any CPU = Debug|Any CPU
		Release|Any CPU = Release|Any CPU
	EndGlobalSection
	GlobalSection(ProjectConfigurationPlatforms) = postSolution
		{0FE687FA-137E-4774-972B-1C7DD0003D66}.Debug|Any CPU.ActiveCfg = Debug|Any CPU
		{0FE687FA-137E-4774-972B-1C7DD0003D66}.Debug|Any CPU.Build.0 = Debug|Any CPU
		{0FE687FA-137E-4774-972B-1C7DD0003D66}.Release|Any CPU.ActiveCfg = Release|Any CPU
		{0FE687FA-137E-4774-972B-1C7DD0003D66}.Release|Any CPU.Build.0 = Release|Any CPU
	EndGlobalSection
	GlobalSection(SolutionProperties) = preSolution
		HideSolutionNode = FALSE
	EndGlobalSection
	GlobalSection(ExtensibilityGlobals) = postSolution
		SolutionGuid = {DFDFC0EF-CDF7-4154-9166-C63E567852BA}
	EndGlobalSection
EndGlobal
